Microsoft Visual Studio Solution File, Format Version 12.00
# Visual Studio Version 16
VisualStudioVersion = 16.0.30907.101
MinimumVisualStudioVersion = 15.0.26124.0
Project("{9A19103F-16F7-4668-BE54-9A1E7A4F7556}") = "Jusibe", "Jusibe\Jusibe.csproj", "{DD29ED7D-12B5-49C9-A3B6-40EB344B979C}"
EndProject
Project("{9A19103F-16F7-4668-BE54-9A1E7A4F7556}") = "Jusibe.Tests", "Jusibe.Tests\Jusibe.Tests.csproj", "{9BBD6C8A-2332-479C-A9B6-AFD23F39CDD0}"
EndProject
Global
	GlobalSection(SolutionConfigurationPlatforms) = preSolution
		Debug|Any CPU = Debug|Any CPU
		Debug|x64 = Debug|x64
		Debug|x86 = Debug|x86
		Release|Any CPU = Release|Any CPU
		Release|x64 = Release|x64
		Release|x86 = Release|x86
	EndGlobalSection
	GlobalSection(ProjectConfigurationPlatforms) = postSolution
		{DD29ED7D-12B5-49C9-A3B6-40EB344B979C}.Debug|Any CPU.ActiveCfg = Debug|Any CPU
		{DD29ED7D-12B5-49C9-A3B6-40EB344B979C}.Debug|Any CPU.Build.0 = Debug|Any CPU
		{DD29ED7D-12B5-49C9-A3B6-40EB344B979C}.Debug|x64.ActiveCfg = Debug|Any CPU
		{DD29ED7D-12B5-49C9-A3B6-40EB344B979C}.Debug|x64.Build.0 = Debug|Any CPU
		{DD29ED7D-12B5-49C9-A3B6-40EB344B979C}.Debug|x86.ActiveCfg = Debug|Any CPU
		{DD29ED7D-12B5-49C9-A3B6-40EB344B979C}.Debug|x86.Build.0 = Debug|Any CPU
		{DD29ED7D-12B5-49C9-A3B6-40EB344B979C}.Release|Any CPU.ActiveCfg = Release|Any CPU
		{DD29ED7D-12B5-49C9-A3B6-40EB344B979C}.Release|Any CPU.Build.0 = Release|Any CPU
		{DD29ED7D-12B5-49C9-A3B6-40EB344B979C}.Release|x64.ActiveCfg = Release|Any CPU
		{DD29ED7D-12B5-49C9-A3B6-40EB344B979C}.Release|x64.Build.0 = Release|Any CPU
		{DD29ED7D-12B5-49C9-A3B6-40EB344B979C}.Release|x86.ActiveCfg = Release|Any CPU
		{DD29ED7D-12B5-49C9-A3B6-40EB344B979C}.Release|x86.Build.0 = Release|Any CPU
		{9BBD6C8A-2332-479C-A9B6-AFD23F39CDD0}.Debug|Any CPU.ActiveCfg = Debug|Any CPU
		{9BBD6C8A-2332-479C-A9B6-AFD23F39CDD0}.Debug|Any CPU.Build.0 = Debug|Any CPU
		{9BBD6C8A-2332-479C-A9B6-AFD23F39CDD0}.Debug|x64.ActiveCfg = Debug|Any CPU
		{9BBD6C8A-2332-479C-A9B6-AFD23F39CDD0}.Debug|x64.Build.0 = Debug|Any CPU
		{9BBD6C8A-2332-479C-A9B6-AFD23F39CDD0}.Debug|x86.ActiveCfg = Debug|Any CPU
		{9BBD6C8A-2332-479C-A9B6-AFD23F39CDD0}.Debug|x86.Build.0 = Debug|Any CPU
		{9BBD6C8A-2332-479C-A9B6-AFD23F39CDD0}.Release|Any CPU.ActiveCfg = Release|Any CPU
		{9BBD6C8A-2332-479C-A9B6-AFD23F39CDD0}.Release|Any CPU.Build.0 = Release|Any CPU
		{9BBD6C8A-2332-479C-A9B6-AFD23F39CDD0}.Release|x64.ActiveCfg = Release|Any CPU
		{9BBD6C8A-2332-479C-A9B6-AFD23F39CDD0}.Release|x64.Build.0 = Release|Any CPU
		{9BBD6C8A-2332-479C-A9B6-AFD23F39CDD0}.Release|x86.ActiveCfg = Release|Any CPU
		{9BBD6C8A-2332-479C-A9B6-AFD23F39CDD0}.Release|x86.Build.0 = Release|Any CPU
	EndGlobalSection
	GlobalSection(SolutionProperties) = preSolution
		HideSolutionNode = FALSE
	EndGlobalSection
	GlobalSection(ExtensibilityGlobals) = postSolution
		SolutionGuid = {2F1B953A-C2B2-4D71-872C-8367E3C2C85A}
	EndGlobalSection
EndGlobal
